// !$*UTF8*$!
{
	archiveVersion = 1;
	classes = {
	};
	objectVersion = 52;
	objects = {

/* Begin PBXBuildFile section */
		117EA17525DFE70D0000E70D /* AppDelegate.swift in Sources */ = {isa = PBXBuildFile; fileRef = 117EA17425DFE70D0000E70D /* AppDelegate.swift */; };
		117EA17725DFE70D0000E70D /* SceneDelegate.swift in Sources */ = {isa = PBXBuildFile; fileRef = 117EA17625DFE70D0000E70D /* SceneDelegate.swift */; };
		117EA17925DFE70D0000E70D /* ContentView.swift in Sources */ = {isa = PBXBuildFile; fileRef = 117EA17825DFE70D0000E70D /* ContentView.swift */; };
		117EA17B25DFE70F0000E70D /* Assets.xcassets in Resources */ = {isa = PBXBuildFile; fileRef = 117EA17A25DFE70F0000E70D /* Assets.xcassets */; };
		117EA17E25DFE70F0000E70D /* Preview Assets.xcassets in Resources */ = {isa = PBXBuildFile; fileRef = 117EA17D25DFE70F0000E70D /* Preview Assets.xcassets */; };
		117EA18125DFE70F0000E70D /* LaunchScreen.storyboard in Resources */ = {isa = PBXBuildFile; fileRef = 117EA17F25DFE70F0000E70D /* LaunchScreen.storyboard */; };
		118243CD25E45104007B60BF /* ComposableArchitecture in Frameworks */ = {isa = PBXBuildFile; productRef = 118243CC25E45104007B60BF /* ComposableArchitecture */; };
		118243D025E4512B007B60BF /* TodoStore.swift in Sources */ = {isa = PBXBuildFile; fileRef = 118243CF25E4512B007B60BF /* TodoStore.swift */; };
/* End PBXBuildFile section */

/* Begin PBXFileReference section */
		117EA17125DFE70D0000E70D /* TCATodoApp.app */ = {isa = PBXFileReference; explicitFileType = wrapper.application; includeInIndex = 0; path = TCATodoApp.app; sourceTree = BUILT_PRODUCTS_DIR; };
		117EA17425DFE70D0000E70D /* AppDelegate.swift */ = {isa = PBXFileReference; lastKnownFileType = sourcecode.swift; path = AppDelegate.swift; sourceTree = "<group>"; };
		117EA17625DFE70D0000E70D /* SceneDelegate.swift */ = {isa = PBXFileReference; lastKnownFileType = sourcecode.swift; path = SceneDelegate.swift; sourceTree = "<group>"; };
		117EA17825DFE70D0000E70D /* ContentView.swift */ = {isa = PBXFileReference; lastKnownFileType = sourcecode.swift; path = ContentView.swift; sourceTree = "<group>"; };
		117EA17A25DFE70F0000E70D /* Assets.xcassets */ = {isa = PBXFileReference; lastKnownFileType = folder.assetcatalog; path = Assets.xcassets; sourceTree = "<group>"; };
		117EA17D25DFE70F0000E70D /* Preview Assets.xcassets */ = {isa = PBXFileReference; lastKnownFileType = folder.assetcatalog; path = "Preview Assets.xcassets"; sourceTree = "<group>"; };
		117EA18025DFE70F0000E70D /* Base */ = {isa = PBXFileReference; lastKnownFileType = file.storyboard; name = Base; path = Base.lproj/LaunchScreen.storyboard; sourceTree = "<group>"; };
		117EA18225DFE70F0000E70D /* Info.plist */ = {isa = PBXFileReference; lastKnownFileType = text.plist.xml; path = Info.plist; sourceTree = "<group>"; };
		118243CF25E4512B007B60BF /* TodoStore.swift */ = {isa = PBXFileReference; lastKnownFileType = sourcecode.swift; path = TodoStore.swift; sourceTree = "<group>"; };
/* End PBXFileReference section */

/* Begin PBXFrameworksBuildPhase section */
		117EA16E25DFE70D0000E70D /* Frameworks */ = {
			isa = PBXFrameworksBuildPhase;
			buildActionMask = 2147483647;
			files = (
				118243CD25E45104007B60BF /* ComposableArchitecture in Frameworks */,
			);
			runOnlyForDeploymentPostprocessing = 0;
		};
/* End PBXFrameworksBuildPhase section */

/* Begin PBXGroup section */
		117EA16825DFE70D0000E70D = {
			isa = PBXGroup;
			children = (
				117EA17325DFE70D0000E70D /* TCATodoApp */,
				117EA17225DFE70D0000E70D /* Products */,
			);
			sourceTree = "<group>";
		};
		117EA17225DFE70D0000E70D /* Products */ = {
			isa = PBXGroup;
			children = (
				117EA17125DFE70D0000E70D /* TCATodoApp.app */,
			);
			name = Products;
			sourceTree = "<group>";
		};
		117EA17325DFE70D0000E70D /* TCATodoApp */ = {
			isa = PBXGroup;
			children = (
				117EA17425DFE70D0000E70D /* AppDelegate.swift */,
				117EA17625DFE70D0000E70D /* SceneDelegate.swift */,
				117EA17825DFE70D0000E70D /* ContentView.swift */,
				117EA17A25DFE70F0000E70D /* Assets.xcassets */,
				117EA17F25DFE70F0000E70D /* LaunchScreen.storyboard */,
				117EA18225DFE70F0000E70D /* Info.plist */,
				117EA17C25DFE70F0000E70D /* Preview Content */,
				118243CF25E4512B007B60BF /* TodoStore.swift */,
			);
			path = TCATodoApp;
			sourceTree = "<group>";
		};
		117EA17C25DFE70F0000E70D /* Preview Content */ = {
			isa = PBXGroup;
			children = (
				117EA17D25DFE70F0000E70D /* Preview Assets.xcassets */,
			);
			path = "Preview Content";
			sourceTree = "<group>";
		};
/* End PBXGroup section */

/* Begin PBXNativeTarget section */
		117EA17025DFE70D0000E70D /* TCATodoApp */ = {
			isa = PBXNativeTarget;
			buildConfigurationList = 117EA18525DFE70F0000E70D /* Build configuration list for PBXNativeTarget "TCATodoApp" */;
			buildPhases = (
				117EA16D25DFE70D0000E70D /* Sources */,
				117EA16E25DFE70D0000E70D /* Frameworks */,
				117EA16F25DFE70D0000E70D /* Resources */,
			);
			buildRules = (
			);
			dependencies = (
			);
			name = TCATodoApp;
			packageProductDependencies = (
				118243CC25E45104007B60BF /* ComposableArchitecture */,
			);
			productName = TCATodoApp;
			productReference = 117EA17125DFE70D0000E70D /* TCATodoApp.app */;
			productType = "com.apple.product-type.application";
		};
/* End PBXNativeTarget section */

/* Begin PBXProject section */
		117EA16925DFE70D0000E70D /* Project object */ = {
			isa = PBXProject;
			attributes = {
				LastSwiftUpdateCheck = 1240;
				LastUpgradeCheck = 1240;
				TargetAttributes = {
					117EA17025DFE70D0000E70D = {
						CreatedOnToolsVersion = 12.4;
					};
				};
			};
			buildConfigurationList = 117EA16C25DFE70D0000E70D /* Build configuration list for PBXProject "TCATodoApp" */;
			compatibilityVersion = "Xcode 9.3";
			developmentRegion = en;
			hasScannedForEncodings = 0;
			knownRegions = (
				en,
				Base,
			);
			mainGroup = 117EA16825DFE70D0000E70D;
			packageReferences = (
				118243CB25E45104007B60BF /* XCRemoteSwiftPackageReference "swift-composable-architecture" */,
			);
			productRefGroup = 117EA17225DFE70D0000E70D /* Products */;
			projectDirPath = "";
			projectRoot = "";
			targets = (
				117EA17025DFE70D0000E70D /* TCATodoApp */,
			);
		};
/* End PBXProject section */

/* Begin PBXResourcesBuildPhase section */
		117EA16F25DFE70D0000E70D /* Resources */ = {
			isa = PBXResourcesBuildPhase;
			buildActionMask = 2147483647;
			files = (
				117EA18125DFE70F0000E70D /* LaunchScreen.storyboard in Resources */,
				117EA17E25DFE70F0000E70D /* Preview Assets.xcassets in Resources */,
				117EA17B25DFE70F0000E70D /* Assets.xcassets in Resources */,
			);
			runOnlyForDeploymentPostprocessing = 0;
		};
/* End PBXResourcesBuildPhase section */

/* Begin PBXSourcesBuildPhase section */
		117EA16D25DFE70D0000E70D /* Sources */ = {
			isa = PBXSourcesBuildPhase;
			buildActionMask = 2147483647;
			files = (
				117EA17525DFE70D0000E70D /* AppDelegate.swift in Sources */,
				118243D025E4512B007B60BF /* TodoStore.swift in Sources */,
				117EA17725DFE70D0000E70D /* SceneDelegate.swift in Sources */,
				117EA17925DFE70D0000E70D /* ContentView.swift in Sources */,
			);
			runOnlyForDeploymentPostprocessing = 0;
		};
/* End PBXSourcesBuildPhase section */

/* Begin PBXVariantGroup section */
		117EA17F25DFE70F0000E70D /* LaunchScreen.storyboard */ = {
			isa = PBXVariantGroup;
			children = (
				117EA18025DFE70F0000E70D /* Base */,
			);
			name = LaunchScreen.storyboard;
			sourceTree = "<group>";
		};
/* End PBXVariantGroup section */

/* Begin XCBuildConfiguration section */
		117EA18325DFE70F0000E70D /* Debug */ = {
			isa = XCBuildConfiguration;
			buildSettings = {
				ALWAYS_SEARCH_USER_PATHS = NO;
				CLANG_ANALYZER_NONNULL = YES;
				CLANG_ANALYZER_NUMBER_OBJECT_CONVERSION = YES_AGGRESSIVE;
				CLANG_CXX_LANGUAGE_STANDARD = "gnu++14";
				CLANG_CXX_LIBRARY = "libc++";
				CLANG_ENABLE_MODULES = YES;
				CLANG_ENABLE_OBJC_ARC = YES;
				CLANG_ENABLE_OBJC_WEAK = YES;
				CLANG_WARN_BLOCK_CAPTURE_AUTORELEASING = YES;
				CLANG_WARN_BOOL_CONVERSION = YES;
				CLANG_WARN_COMMA = YES;
				CLANG_WARN_CONSTANT_CONVERSION = YES;
				CLANG_WARN_DEPRECATED_OBJC_IMPLEMENTATIONS = YES;
				CLANG_WARN_DIRECT_OBJC_ISA_USAGE = YES_ERROR;
				CLANG_WARN_DOCUMENTATION_COMMENTS = YES;
				CLANG_WARN_EMPTY_BODY = YES;
				CLANG_WARN_ENUM_CONVERSION = YES;
				CLANG_WARN_INFINITE_RECURSION = YES;
				CLANG_WARN_INT_CONVERSION = YES;
				CLANG_WARN_NON_LITERAL_NULL_CONVERSION = YES;
				CLANG_WARN_OBJC_IMPLICIT_RETAIN_SELF = YES;
				CLANG_WARN_OBJC_LITERAL_CONVERSION = YES;
				CLANG_WARN_OBJC_ROOT_CLASS = YES_ERROR;
				CLANG_WARN_QUOTED_INCLUDE_IN_FRAMEWORK_HEADER = YES;
				CLANG_WARN_RANGE_LOOP_ANALYSIS = YES;
				CLANG_WARN_STRICT_PROTOTYPES = YES;
				CLANG_WARN_SUSPICIOUS_MOVE = YES;
				CLANG_WARN_UNGUARDED_AVAILABILITY = YES_AGGRESSIVE;
				CLANG_WARN_UNREACHABLE_CODE = YES;
				CLANG_WARN__DUPLICATE_METHOD_MATCH = YES;
				COPY_PHASE_STRIP = NO;
				DEBUG_INFORMATION_FORMAT = dwarf;
				ENABLE_STRICT_OBJC_MSGSEND = YES;
				ENABLE_TESTABILITY = YES;
				GCC_C_LANGUAGE_STANDARD = gnu11;
				GCC_DYNAMIC_NO_PIC = NO;
				GCC_NO_COMMON_BLOCKS = YES;
				GCC_OPTIMIZATION_LEVEL = 0;
				GCC_PREPROCESSOR_DEFINITIONS = (
					"DEBUG=1",
					"$(inherited)",
				);
				GCC_WARN_64_TO_32_BIT_CONVERSION = YES;
				GCC_WARN_ABOUT_RETURN_TYPE = YES_ERROR;
				GCC_WARN_UNDECLARED_SELECTOR = YES;
				GCC_WARN_UNINITIALIZED_AUTOS = YES_AGGRESSIVE;
				GCC_WARN_UNUSED_FUNCTION = YES;
				GCC_WARN_UNUSED_VARIABLE = YES;
				IPHONEOS_DEPLOYMENT_TARGET = 14.4;
				MTL_ENABLE_DEBUG_INFO = INCLUDE_SOURCE;
				MTL_FAST_MATH = YES;
				ONLY_ACTIVE_ARCH = YES;
				SDKROOT = iphoneos;
				SWIFT_ACTIVE_COMPILATION_CONDITIONS = DEBUG;
				SWIFT_OPTIMIZATION_LEVEL = "-Onone";
			};
			name = Debug;
		};
		117EA18425DFE70F0000E70D /* Release */ = {
			isa = XCBuildConfiguration;
			buildSettings = {
				ALWAYS_SEARCH_USER_PATHS = NO;
				CLANG_ANALYZER_NONNULL = YES;
				CLANG_ANALYZER_NUMBER_OBJECT_CONVERSION = YES_AGGRESSIVE;
				CLANG_CXX_LANGUAGE_STANDARD = "gnu++14";
				CLANG_CXX_LIBRARY = "libc++";
				CLANG_ENABLE_MODULES = YES;
				CLANG_ENABLE_OBJC_ARC = YES;
				CLANG_ENABLE_OBJC_WEAK = YES;
				CLANG_WARN_BLOCK_CAPTURE_AUTORELEASING = YES;
				CLANG_WARN_BOOL_CONVERSION = YES;
				CLANG_WARN_COMMA = YES;
				CLANG_WARN_CONSTANT_CONVERSION = YES;
				CLANG_WARN_DEPRECATED_OBJC_IMPLEMENTATIONS = YES;
				CLANG_WARN_DIRECT_OBJC_ISA_USAGE = YES_ERROR;
				CLANG_WARN_DOCUMENTATION_COMMENTS = YES;
				CLANG_WARN_EMPTY_BODY = YES;
				CLANG_WARN_ENUM_CONVERSION = YES;
				CLANG_WARN_INFINITE_RECURSION = YES;
				CLANG_WARN_INT_CONVERSION = YES;
				CLANG_WARN_NON_LITERAL_NULL_CONVERSION = YES;
				CLANG_WARN_OBJC_IMPLICIT_RETAIN_SELF = YES;
				CLANG_WARN_OBJC_LITERAL_CONVERSION = YES;
				CLANG_WARN_OBJC_ROOT_CLASS = YES_ERROR;
				CLANG_WARN_QUOTED_INCLUDE_IN_FRAMEWORK_HEADER = YES;
				CLANG_WARN_RANGE_LOOP_ANALYSIS = YES;
				CLANG_WARN_STRICT_PROTOTYPES = YES;
				CLANG_WARN_SUSPICIOUS_MOVE = YES;
				CLANG_WARN_UNGUARDED_AVAILABILITY = YES_AGGRESSIVE;
				CLANG_WARN_UNREACHABLE_CODE = YES;
				CLANG_WARN__DUPLICATE_METHOD_MATCH = YES;
				COPY_PHASE_STRIP = NO;
				DEBUG_INFORMATION_FORMAT = "dwarf-with-dsym";
				ENABLE_NS_ASSERTIONS = NO;
				ENABLE_STRICT_OBJC_MSGSEND = YES;
				GCC_C_LANGUAGE_STANDARD = gnu11;
				GCC_NO_COMMON_BLOCKS = YES;
				GCC_WARN_64_TO_32_BIT_CONVERSION = YES;
				GCC_WARN_ABOUT_RETURN_TYPE = YES_ERROR;
				GCC_WARN_UNDECLARED_SELECTOR = YES;
				GCC_WARN_UNINITIALIZED_AUTOS = YES_AGGRESSIVE;
				GCC_WARN_UNUSED_FUNCTION = YES;
				GCC_WARN_UNUSED_VARIABLE = YES;
				IPHONEOS_DEPLOYMENT_TARGET = 14.4;
				MTL_ENABLE_DEBUG_INFO = NO;
				MTL_FAST_MATH = YES;
				SDKROOT = iphoneos;
				SWIFT_COMPILATION_MODE = wholemodule;
				SWIFT_OPTIMIZATION_LEVEL = "-O";
				VALIDATE_PRODUCT = YES;
			};
			name = Release;
		};
		117EA18625DFE70F0000E70D /* Debug */ = {
			isa = XCBuildConfiguration;
			buildSettings = {
				ASSETCATALOG_COMPILER_APPICON_NAME = AppIcon;
				ASSETCATALOG_COMPILER_GLOBAL_ACCENT_COLOR_NAME = AccentColor;
				CODE_SIGN_STYLE = Automatic;
				DEVELOPMENT_ASSET_PATHS = "\"TCATodoApp/Preview Content\"";
				DEVELOPMENT_TEAM = 9DZWZ2QDGB;
				ENABLE_PREVIEWS = YES;
				INFOPLIST_FILE = TCATodoApp/Info.plist;
				LD_RUNPATH_SEARCH_PATHS = (
					"$(inherited)",
					"@executable_path/Frameworks",
				);
				PRODUCT_BUNDLE_IDENTIFIER = tiking.TCATodoApp;
				PRODUCT_NAME = "$(TARGET_NAME)";
				SWIFT_VERSION = 5.0;
				TARGETED_DEVICE_FAMILY = "1,2";
			};
			name = Debug;
		};
		117EA18725DFE70F0000E70D /* Release */ = {
			isa = XCBuildConfiguration;
			buildSettings = {
				ASSETCATALOG_COMPILER_APPICON_NAME = AppIcon;
				ASSETCATALOG_COMPILER_GLOBAL_ACCENT_COLOR_NAME = AccentColor;
				CODE_SIGN_STYLE = Automatic;
				DEVELOPMENT_ASSET_PATHS = "\"TCATodoApp/Preview Content\"";
				DEVELOPMENT_TEAM = 9DZWZ2QDGB;
				ENABLE_PREVIEWS = YES;
				INFOPLIST_FILE = TCATodoApp/Info.plist;
				LD_RUNPATH_SEARCH_PATHS = (
					"$(inherited)",
					"@executable_path/Frameworks",
				);
				PRODUCT_BUNDLE_IDENTIFIER = tiking.TCATodoApp;
				PRODUCT_NAME = "$(TARGET_NAME)";
				SWIFT_VERSION = 5.0;
				TARGETED_DEVICE_FAMILY = "1,2";
			};
			name = Release;
		};
/* End XCBuildConfiguration section */

/* Begin XCConfigurationList section */
		117EA16C25DFE70D0000E70D /* Build configuration list for PBXProject "TCATodoApp" */ = {
			isa = XCConfigurationList;
			buildConfigurations = (
				117EA18325DFE70F0000E70D /* Debug */,
				117EA18425DFE70F0000E70D /* Release */,
			);
			defaultConfigurationIsVisible = 0;
			defaultConfigurationName = Release;
		};
		117EA18525DFE70F0000E70D /* Build configuration list for PBXNativeTarget "TCATodoApp" */ = {
			isa = XCConfigurationList;
			buildConfigurations = (
				117EA18625DFE70F0000E70D /* Debug */,
				117EA18725DFE70F0000E70D /* Release */,
			);
			defaultConfigurationIsVisible = 0;
			defaultConfigurationName = Release;
		};
/* End XCConfigurationList section */

/* Begin XCRemoteSwiftPackageReference section */
		118243CB25E45104007B60BF /* XCRemoteSwiftPackageReference "swift-composable-architecture" */ = {
			isa = XCRemoteSwiftPackageReference;
			repositoryURL = "https://github.com/pointfreeco/swift-composable-architecture";
			requirement = {
				kind = upToNextMajorVersion;
				minimumVersion = 0.15.0;
			};
		};
/* End XCRemoteSwiftPackageReference section */

/* Begin XCSwiftPackageProductDependency section */
		118243CC25E45104007B60BF /* ComposableArchitecture */ = {
			isa = XCSwiftPackageProductDependency;
			package = 118243CB25E45104007B60BF /* XCRemoteSwiftPackageReference "swift-composable-architecture" */;
			productName = ComposableArchitecture;
		};
/* End XCSwiftPackageProductDependency section */
	};
	rootObject = 117EA16925DFE70D0000E70D /* Project object */;
}
